PODS:
  - CustomPresenter (0.2.1)
  - Nimble (7.0.3)
  - Quick (1.2.0)

DEPENDENCIES:
  - CustomPresenter (from `../`)
  - Nimble (~> 7.0.2)
  - Quick (~> 1.2.0)

EXTERNAL SOURCES:
  CustomPresenter:
    :path: ../

SPEC CHECKSUMS:
  CustomPresenter: 4e1c341e046a575888c11e5ec5f951cd0e6fbf00
  Nimble: 7f5a9c447a33002645a071bddafbfb24ea70e0ac
  Quick: 58d203b1c5e27fff7229c4c1ae445ad7069a7a08

PODFILE CHECKSUM: a27b362db0be76eb95c3fa28742d31a0f62571e3

COCOAPODS: 1.4.0
